
Microsoft Visual Studio Solution File, Format Version 12.00
Project("{FAE04EC0-301F-11D3-BF4B-00C04F79EFBC}") = "DodgeBallW2.App", "DodgeBallW2.App\DodgeBallW2.App.csproj", "{A7C42D6B-9621-4A5E-8F0C-A08AF27A7D4D}"
EndProject
Global
	GlobalSection(SolutionConfigurationPlatforms) = preSolution
		Debug|Any CPU = Debug|Any CPU
		Release|Any CPU = Release|Any CPU
	EndGlobalSection
	GlobalSection(ProjectConfigurationPlatforms) = postSolution
		{A7C42D6B-9621-4A5E-8F0C-A08AF27A7D4D}.Debug|Any CPU.ActiveCfg = Debug|Any CPU
		{A7C42D6B-9621-4A5E-8F0C-A08AF27A7D4D}.Debug|Any CPU.Build.0 = Debug|Any CPU
		{A7C42D6B-9621-4A5E-8F0C-A08AF27A7D4D}.Release|Any CPU.ActiveCfg = Release|Any CPU
		{A7C42D6B-9621-4A5E-8F0C-A08AF27A7D4D}.Release|Any CPU.Build.0 = Release|Any CPU
	EndGlobalSection
EndGlobal
